{
  "originHash" : "18c965851e08eaf949389018fa6ef2a73aa702820b433da23941d1e8de41b357",
  "pins" : [
    {
      "identity" : "twittercounter",
      "kind" : "remoteSourceControl",
      "location" : "https://github.com/alielsokary/TwitterCounter.git",
      "state" : {
        "branch" : "feature/add-copy-paste-button-logics",
        "revision" : "aa796c2811e37b8c5e731b01949293387e4eba98"
      }
    }
  ],
  "version" : 3
}
