{
  "originHash" : "18c965851e08eaf949389018fa6ef2a73aa702820b433da23941d1e8de41b357",
  "pins" : [
    {
      "identity" : "twittercounter",
      "kind" : "remoteSourceControl",
      "location" : "https://github.com/alielsokary/TwitterCounter.git",
      "state" : {
        "branch" : "feature/extract-logic-into-package",
        "revision" : "386e26e17ec83af40909279b2c4dd4c74646389d"
      }
    }
  ],
  "version" : 3
}
